<?xml version="1.0" encoding="utf-8"?>
<Project ToolsVersion="4.0" xmlns="http://schemas.microsoft.com/developer/msbuild/2003">
  <ItemGroup>
    <ClCompile Include="StreamMaster.cpp" />
    <ClCompile Include="..\..\WDL\IPlug\IPlugVST.cpp">
      <Filter>vst2</Filter>
    </ClCompile>
    <ClCompile Include="lib_chunkware\SimpleGate.cpp">
      <Filter>Chunkware</Filter>
    </ClCompile>
    <ClCompile Include="lib_chunkware\SimpleLimit.cpp">
      <Filter>Chunkware</Filter>
    </ClCompile>
    <ClCompile Include="lib_chunkware\SimpleComp.cpp">
      <Filter>Chunkware</Filter>
    </ClCompile>
    <ClCompile Include="lib_chunkware\SimpleEnvelope.cpp">
      <Filter>Chunkware</Filter>
    </ClCompile>
    <ClCompile Include="PLUG\PLUG_LoudnessMeter.cpp" />
    <ClCompile Include="lib-1770\bs1770_add_sample_i32.c">
      <Filter>Lib1770</Filter>
    </ClCompile>
    <ClCompile Include="lib-1770\bs1770_add_samples_i_f32.c">
      <Filter>Lib1770</Filter>
    </ClCompile>
    <ClCompile Include="lib-1770\bs1770_add_samples_i_f64.c">
      <Filter>Lib1770</Filter>
    </ClCompile>
    <ClCompile Include="lib-1770\bs1770_add_samples_i_i16.c">
      <Filter>Lib1770</Filter>
    </ClCompile>
    <ClCompile Include="lib-1770\bs1770_add_samples_i_i32.c">
      <Filter>Lib1770</Filter>
    </ClCompile>
    <ClCompile Include="lib-1770\bs1770_add_samples_p_f32.c">
      <Filter>Lib1770</Filter>
    </ClCompile>
    <ClCompile Include="lib-1770\bs1770_add_samples_p_f64.c">
      <Filter>Lib1770</Filter>
    </ClCompile>
    <ClCompile Include="lib-1770\bs1770_add_samples_p_i16.c">
      <Filter>Lib1770</Filter>
    </ClCompile>
    <ClCompile Include="lib-1770\bs1770_add_samples_p_i32.c">
      <Filter>Lib1770</Filter>
    </ClCompile>
    <ClCompile Include="lib-1770\bs1770_aggr.c">
      <Filter>Lib1770</Filter>
    </ClCompile>
    <ClCompile Include="lib-1770\bs1770_ctx.c">
      <Filter>Lib1770</Filter>
    </ClCompile>
    <ClCompile Include="lib-1770\bs1770_ctx_add_sample_f32.c">
      <Filter>Lib1770</Filter>
    </ClCompile>
    <ClCompile Include="lib-1770\bs1770_ctx_add_sample_f64.c">
      <Filter>Lib1770</Filter>
    </ClCompile>
    <ClCompile Include="lib-1770\bs1770_ctx_add_sample_i16.c">
      <Filter>Lib1770</Filter>
    </ClCompile>
    <ClCompile Include="lib-1770\bs1770_ctx_add_sample_i32.c">
      <Filter>Lib1770</Filter>
    </ClCompile>
    <ClCompile Include="lib-1770\bs1770_ctx_add_samples_i_f32.c">
      <Filter>Lib1770</Filter>
    </ClCompile>
    <ClCompile Include="lib-1770\bs1770_ctx_add_samples_i_f64.c">
      <Filter>Lib1770</Filter>
    </ClCompile>
    <ClCompile Include="lib-1770\bs1770_ctx_add_samples_i_i16.c">
      <Filter>Lib1770</Filter>
    </ClCompile>
    <ClCompile Include="lib-1770\bs1770_ctx_add_samples_i_i32.c">
      <Filter>Lib1770</Filter>
    </ClCompile>
    <ClCompile Include="lib-1770\bs1770_ctx_add_samples_p_f32.c">
      <Filter>Lib1770</Filter>
    </ClCompile>
    <ClCompile Include="lib-1770\bs1770_ctx_add_samples_p_f64.c">
      <Filter>Lib1770</Filter>
    </ClCompile>
    <ClCompile Include="lib-1770\bs1770_ctx_add_samples_p_i16.c">
      <Filter>Lib1770</Filter>
    </ClCompile>
    <ClCompile Include="lib-1770\bs1770_ctx_add_samples_p_i32.c">
      <Filter>Lib1770</Filter>
    </ClCompile>
    <ClCompile Include="lib-1770\bs1770_default.c">
      <Filter>Lib1770</Filter>
    </ClCompile>
    <ClCompile Include="lib-1770\bs1770_hist.c">
      <Filter>Lib1770</Filter>
    </ClCompile>
    <ClCompile Include="lib-1770\bs1770_nd.c">
      <Filter>Lib1770</Filter>
    </ClCompile>
    <ClCompile Include="lib-1770\bs1770_nd_add_sample_f32.c">
      <Filter>Lib1770</Filter>
    </ClCompile>
    <ClCompile Include="lib-1770\bs1770_nd_add_sample_f64.c">
      <Filter>Lib1770</Filter>
    </ClCompile>
    <ClCompile Include="lib-1770\bs1770_nd_add_sample_i16.c">
      <Filter>Lib1770</Filter>
    </ClCompile>
    <ClCompile Include="lib-1770\bs1770_nd_add_sample_i32.c">
      <Filter>Lib1770</Filter>
    </ClCompile>
    <ClCompile Include="lib-1770\bs1770_nd_add_samples_i_f32.c">
      <Filter>Lib1770</Filter>
    </ClCompile>
    <ClCompile Include="lib-1770\bs1770_nd_add_samples_i_f64.c">
      <Filter>Lib1770</Filter>
    </ClCompile>
    <ClCompile Include="lib-1770\bs1770_nd_add_samples_i_i16.c">
      <Filter>Lib1770</Filter>
    </ClCompile>
    <ClCompile Include="lib-1770\bs1770_nd_add_samples_i_i32.c">
      <Filter>Lib1770</Filter>
    </ClCompile>
    <ClCompile Include="lib-1770\bs1770_nd_add_samples_p_f32.c">
      <Filter>Lib1770</Filter>
    </ClCompile>
    <ClCompile Include="lib-1770\bs1770_nd_add_samples_p_f64.c">
      <Filter>Lib1770</Filter>
    </ClCompile>
    <ClCompile Include="lib-1770\bs1770_nd_add_samples_p_i16.c">
      <Filter>Lib1770</Filter>
    </ClCompile>
    <ClCompile Include="lib-1770\bs1770_nd_add_samples_p_i32.c">
      <Filter>Lib1770</Filter>
    </ClCompile>
    <ClCompile Include="lib-1770\bs1770_r128.c">
      <Filter>Lib1770</Filter>
    </ClCompile>
    <ClCompile Include="lib-1770\bs1770_stats.c">
      <Filter>Lib1770</Filter>
    </ClCompile>
    <ClCompile Include="lib-1770\bs1770_version.c">
      <Filter>Lib1770</Filter>
    </ClCompile>
    <ClCompile Include="lib-1770\biquad.c">
      <Filter>Lib1770</Filter>
    </ClCompile>
    <ClCompile Include="lib-1770\bs1770.c">
      <Filter>Lib1770</Filter>
    </ClCompile>
    <ClCompile Include="lib-1770\bs1770_a85.c">
      <Filter>Lib1770</Filter>
    </ClCompile>
    <ClCompile Include="lib-1770\bs1770_add_sample_f32.c">
      <Filter>Lib1770</Filter>
    </ClCompile>
    <ClCompile Include="lib-1770\bs1770_add_sample_f64.c">
      <Filter>Lib1770</Filter>
    </ClCompile>
    <ClCompile Include="lib-1770\bs1770_add_sample_i16.c">
      <Filter>Lib1770</Filter>
    </ClCompile>
  </ItemGroup>
  <ItemGroup>
    <ClInclude Include="StreamMaster.h" />
    <ClInclude Include="resource.h" />
    <ClInclude Include="..\..\WDL\IPlug\IPlugVST.h">
      <Filter>vst2</Filter>
    </ClInclude>
    <ClInclude Include="lib_chunkware\SimpleGain.h">
      <Filter>Chunkware</Filter>
    </ClInclude>
    <ClInclude Include="lib_chunkware\SimpleGate.h">
      <Filter>Chunkware</Filter>
    </ClInclude>
    <ClInclude Include="lib_chunkware\SimpleHeader.h">
      <Filter>Chunkware</Filter>
    </ClInclude>
    <ClInclude Include="lib_chunkware\SimpleLimit.h">
      <Filter>Chunkware</Filter>
    </ClInclude>
    <ClInclude Include="lib_chunkware\SimpleComp.h">
      <Filter>Chunkware</Filter>
    </ClInclude>
    <ClInclude Include="lib_chunkware\SimpleEnvelope.h">
      <Filter>Chunkware</Filter>
    </ClInclude>
  </ItemGroup>
  <ItemGroup>
    <ResourceCompile Include="StreamMaster.rc" />
  </ItemGroup>
  <ItemGroup>
    <Filter Include="vst2">
      <UniqueIdentifier>{ea16de74-9d15-4c60-ba09-d0924088d3e5}</UniqueIdentifier>
    </Filter>
    <Filter Include="Chunkware">
      <UniqueIdentifier>{a2d44576-4707-43d0-88c6-0a77f83aa8d1}</UniqueIdentifier>
    </Filter>
    <Filter Include="Lib1770">
      <UniqueIdentifier>{e33de234-0fe4-462e-b1b8-062f059503df}</UniqueIdentifier>
    </Filter>
  </ItemGroup>
  <ItemGroup>
    <None Include="lib_chunkware\SimpleGateProcess.inl">
      <Filter>Chunkware</Filter>
    </None>
    <None Include="lib_chunkware\SimpleLimitProcess.inl">
      <Filter>Chunkware</Filter>
    </None>
    <None Include="lib_chunkware\SimpleCompProcess.inl">
      <Filter>Chunkware</Filter>
    </None>
  </ItemGroup>
</Project>